Microsoft Visual Studio Solution File, Format Version 12.00
# Visual Studio Version 17
VisualStudioVersion = 17.5.2.0
MinimumVisualStudioVersion = 10.0.40219.1
Project("{2150E333-8FDC-42A3-9474-1A3956D46DE8}") = "exercises", "exercises", "{247147CD-5E9A-BEFC-00D6-4C0C5E271F79}"
EndProject
Project("{2150E333-8FDC-42A3-9474-1A3956D46DE8}") = "introduction_to_tdd", "introduction_to_tdd", "{1CDE5584-04DA-E807-4AB7-2A46497BD26F}"
EndProject
Project("{FAE04EC0-301F-11D3-BF4B-00C04F79EFBC}") = "Wordle", "exercises\introduction_to_tdd\Wordle\Wordle.csproj", "{094719F3-2DBE-E487-5B1E-9C1C3D29B7AE}"
EndProject
Project("{FAE04EC0-301F-11D3-BF4B-00C04F79EFBC}") = "Wordle.Tests", "exercises\introduction_to_tdd\Wordle.Tests\Wordle.Tests.csproj", "{292BF085-19D8-DFE3-284F-34C3C36D42F7}"
EndProject
Project("{2150E333-8FDC-42A3-9474-1A3956D46DE8}") = "testing_layers", "testing_layers", "{6CBDB9BD-247D-6103-BD5D-4E77DFEA76C7}"
EndProject
Project("{FAE04EC0-301F-11D3-BF4B-00C04F79EFBC}") = "Wordle.Tests.E2E", "exercises\testing_layers\Wordle.Tests.E2E\Wordle.Tests.E2E.csproj", "{8C1F7DEB-E017-8996-E234-FB8678AAE173}"
EndProject
Project("{FAE04EC0-301F-11D3-BF4B-00C04F79EFBC}") = "Wordle.Tests.HTTP", "exercises\testing_layers\Wordle.Tests.HTTP\Wordle.Tests.HTTP.csproj", "{B8F00AB2-10BC-95A4-52F1-8EF35E6AD13D}"
EndProject
Project("{FAE04EC0-301F-11D3-BF4B-00C04F79EFBC}") = "Wordle", "exercises\testing_layers\Wordle\Wordle.csproj", "{FB08A88D-C6F0-0522-2547-77C49A77700F}"
EndProject
Project("{FAE04EC0-301F-11D3-BF4B-00C04F79EFBC}") = "Wordle.Tests.Core", "exercises\testing_layers\Wordle.Tests.Core\Wordle.Tests.Core.csproj", "{D3969395-94F6-9A8A-2897-C1E421003520}"
EndProject
Project("{2150E333-8FDC-42A3-9474-1A3956D46DE8}") = "test_doubles", "test_doubles", "{E7A0F095-C236-4C7D-B0A5-DEEE27F41E92}"
EndProject
Project("{FAE04EC0-301F-11D3-BF4B-00C04F79EFBC}") = "Wordle", "exercises\test_doubles\Wordle\Wordle.csproj", "{AA1A7132-7551-46D8-B3C9-0E6C55D7A9D7}"
EndProject
Project("{FAE04EC0-301F-11D3-BF4B-00C04F79EFBC}") = "Wordle.Tests.Core", "exercises\test_doubles\Wordle.Tests.Core\Wordle.Tests.Core.csproj", "{C528AB50-129A-4D75-92F3-8A58BC195458}"
EndProject
Project("{FAE04EC0-301F-11D3-BF4B-00C04F79EFBC}") = "Wordle.Tests.Web", "exercises\test_doubles\Wordle.Tests.Web\Wordle.Tests.Web.csproj", "{F72E8AF3-5D18-45F2-AE97-90BBC019D6F6}"
EndProject
Project("{2150E333-8FDC-42A3-9474-1A3956D46DE8}") = "writing_maintainable_tests", "writing_maintainable_tests", "{AC2F95B3-251D-4D38-A586-731E7D5B0DDE}"
EndProject
Project("{FAE04EC0-301F-11D3-BF4B-00C04F79EFBC}") = "Api", "exercises\writing_maintainable_tests\exercise_2\Api\Api.csproj", "{B94EBC21-5E55-430C-91E4-C15D9D534C0D}"
EndProject
Project("{FAE04EC0-301F-11D3-BF4B-00C04F79EFBC}") = "Api.Tests", "exercises\writing_maintainable_tests\exercise_2\Api.Tests\Api.Tests.csproj", "{7D635BD0-5DBA-4856-A835-A81C4E5C7AA7}"
EndProject
Global
	GlobalSection(SolutionConfigurationPlatforms) = preSolution
		Debug|Any CPU = Debug|Any CPU
		Release|Any CPU = Release|Any CPU
	EndGlobalSection
	GlobalSection(ProjectConfigurationPlatforms) = postSolution
		{094719F3-2DBE-E487-5B1E-9C1C3D29B7AE}.Debug|Any CPU.ActiveCfg = Debug|Any CPU
		{094719F3-2DBE-E487-5B1E-9C1C3D29B7AE}.Debug|Any CPU.Build.0 = Debug|Any CPU
		{094719F3-2DBE-E487-5B1E-9C1C3D29B7AE}.Release|Any CPU.ActiveCfg = Release|Any CPU
		{094719F3-2DBE-E487-5B1E-9C1C3D29B7AE}.Release|Any CPU.Build.0 = Release|Any CPU
		{292BF085-19D8-DFE3-284F-34C3C36D42F7}.Debug|Any CPU.ActiveCfg = Debug|Any CPU
		{292BF085-19D8-DFE3-284F-34C3C36D42F7}.Debug|Any CPU.Build.0 = Debug|Any CPU
		{292BF085-19D8-DFE3-284F-34C3C36D42F7}.Release|Any CPU.ActiveCfg = Release|Any CPU
		{292BF085-19D8-DFE3-284F-34C3C36D42F7}.Release|Any CPU.Build.0 = Release|Any CPU
		{8C1F7DEB-E017-8996-E234-FB8678AAE173}.Debug|Any CPU.ActiveCfg = Debug|Any CPU
		{8C1F7DEB-E017-8996-E234-FB8678AAE173}.Debug|Any CPU.Build.0 = Debug|Any CPU
		{8C1F7DEB-E017-8996-E234-FB8678AAE173}.Release|Any CPU.ActiveCfg = Release|Any CPU
		{8C1F7DEB-E017-8996-E234-FB8678AAE173}.Release|Any CPU.Build.0 = Release|Any CPU
		{B8F00AB2-10BC-95A4-52F1-8EF35E6AD13D}.Debug|Any CPU.ActiveCfg = Debug|Any CPU
		{B8F00AB2-10BC-95A4-52F1-8EF35E6AD13D}.Debug|Any CPU.Build.0 = Debug|Any CPU
		{B8F00AB2-10BC-95A4-52F1-8EF35E6AD13D}.Release|Any CPU.ActiveCfg = Release|Any CPU
		{B8F00AB2-10BC-95A4-52F1-8EF35E6AD13D}.Release|Any CPU.Build.0 = Release|Any CPU
		{FB08A88D-C6F0-0522-2547-77C49A77700F}.Debug|Any CPU.ActiveCfg = Debug|Any CPU
		{FB08A88D-C6F0-0522-2547-77C49A77700F}.Debug|Any CPU.Build.0 = Debug|Any CPU
		{FB08A88D-C6F0-0522-2547-77C49A77700F}.Release|Any CPU.ActiveCfg = Release|Any CPU
		{FB08A88D-C6F0-0522-2547-77C49A77700F}.Release|Any CPU.Build.0 = Release|Any CPU
		{D3969395-94F6-9A8A-2897-C1E421003520}.Debug|Any CPU.ActiveCfg = Debug|Any CPU
		{D3969395-94F6-9A8A-2897-C1E421003520}.Debug|Any CPU.Build.0 = Debug|Any CPU
		{D3969395-94F6-9A8A-2897-C1E421003520}.Release|Any CPU.ActiveCfg = Release|Any CPU
		{D3969395-94F6-9A8A-2897-C1E421003520}.Release|Any CPU.Build.0 = Release|Any CPU
		{AA1A7132-7551-46D8-B3C9-0E6C55D7A9D7}.Debug|Any CPU.ActiveCfg = Debug|Any CPU
		{AA1A7132-7551-46D8-B3C9-0E6C55D7A9D7}.Debug|Any CPU.Build.0 = Debug|Any CPU
		{AA1A7132-7551-46D8-B3C9-0E6C55D7A9D7}.Release|Any CPU.ActiveCfg = Release|Any CPU
		{AA1A7132-7551-46D8-B3C9-0E6C55D7A9D7}.Release|Any CPU.Build.0 = Release|Any CPU
		{C528AB50-129A-4D75-92F3-8A58BC195458}.Debug|Any CPU.ActiveCfg = Debug|Any CPU
		{C528AB50-129A-4D75-92F3-8A58BC195458}.Debug|Any CPU.Build.0 = Debug|Any CPU
		{C528AB50-129A-4D75-92F3-8A58BC195458}.Release|Any CPU.ActiveCfg = Release|Any CPU
		{C528AB50-129A-4D75-92F3-8A58BC195458}.Release|Any CPU.Build.0 = Release|Any CPU
		{F72E8AF3-5D18-45F2-AE97-90BBC019D6F6}.Debug|Any CPU.ActiveCfg = Debug|Any CPU
		{F72E8AF3-5D18-45F2-AE97-90BBC019D6F6}.Debug|Any CPU.Build.0 = Debug|Any CPU
		{F72E8AF3-5D18-45F2-AE97-90BBC019D6F6}.Release|Any CPU.ActiveCfg = Release|Any CPU
		{F72E8AF3-5D18-45F2-AE97-90BBC019D6F6}.Release|Any CPU.Build.0 = Release|Any CPU
		{B94EBC21-5E55-430C-91E4-C15D9D534C0D}.Debug|Any CPU.ActiveCfg = Debug|Any CPU
		{B94EBC21-5E55-430C-91E4-C15D9D534C0D}.Debug|Any CPU.Build.0 = Debug|Any CPU
		{B94EBC21-5E55-430C-91E4-C15D9D534C0D}.Release|Any CPU.ActiveCfg = Release|Any CPU
		{B94EBC21-5E55-430C-91E4-C15D9D534C0D}.Release|Any CPU.Build.0 = Release|Any CPU
		{7D635BD0-5DBA-4856-A835-A81C4E5C7AA7}.Debug|Any CPU.ActiveCfg = Debug|Any CPU
		{7D635BD0-5DBA-4856-A835-A81C4E5C7AA7}.Debug|Any CPU.Build.0 = Debug|Any CPU
		{7D635BD0-5DBA-4856-A835-A81C4E5C7AA7}.Release|Any CPU.ActiveCfg = Release|Any CPU
		{7D635BD0-5DBA-4856-A835-A81C4E5C7AA7}.Release|Any CPU.Build.0 = Release|Any CPU
	EndGlobalSection
	GlobalSection(SolutionProperties) = preSolution
		HideSolutionNode = FALSE
	EndGlobalSection
	GlobalSection(NestedProjects) = preSolution
		{1CDE5584-04DA-E807-4AB7-2A46497BD26F} = {247147CD-5E9A-BEFC-00D6-4C0C5E271F79}
		{094719F3-2DBE-E487-5B1E-9C1C3D29B7AE} = {1CDE5584-04DA-E807-4AB7-2A46497BD26F}
		{292BF085-19D8-DFE3-284F-34C3C36D42F7} = {1CDE5584-04DA-E807-4AB7-2A46497BD26F}
		{6CBDB9BD-247D-6103-BD5D-4E77DFEA76C7} = {247147CD-5E9A-BEFC-00D6-4C0C5E271F79}
		{8C1F7DEB-E017-8996-E234-FB8678AAE173} = {6CBDB9BD-247D-6103-BD5D-4E77DFEA76C7}
		{B8F00AB2-10BC-95A4-52F1-8EF35E6AD13D} = {6CBDB9BD-247D-6103-BD5D-4E77DFEA76C7}
		{FB08A88D-C6F0-0522-2547-77C49A77700F} = {6CBDB9BD-247D-6103-BD5D-4E77DFEA76C7}
		{D3969395-94F6-9A8A-2897-C1E421003520} = {6CBDB9BD-247D-6103-BD5D-4E77DFEA76C7}
		{E7A0F095-C236-4C7D-B0A5-DEEE27F41E92} = {247147CD-5E9A-BEFC-00D6-4C0C5E271F79}
		{AA1A7132-7551-46D8-B3C9-0E6C55D7A9D7} = {E7A0F095-C236-4C7D-B0A5-DEEE27F41E92}
		{C528AB50-129A-4D75-92F3-8A58BC195458} = {E7A0F095-C236-4C7D-B0A5-DEEE27F41E92}
		{F72E8AF3-5D18-45F2-AE97-90BBC019D6F6} = {E7A0F095-C236-4C7D-B0A5-DEEE27F41E92}
		{AC2F95B3-251D-4D38-A586-731E7D5B0DDE} = {247147CD-5E9A-BEFC-00D6-4C0C5E271F79}
		{B94EBC21-5E55-430C-91E4-C15D9D534C0D} = {AC2F95B3-251D-4D38-A586-731E7D5B0DDE}
		{7D635BD0-5DBA-4856-A835-A81C4E5C7AA7} = {AC2F95B3-251D-4D38-A586-731E7D5B0DDE}
	EndGlobalSection
	GlobalSection(ExtensibilityGlobals) = postSolution
		SolutionGuid = {77D64772-C119-4423-ABF3-387E594B787F}
	EndGlobalSection
EndGlobal