{
  "name": "tdd-csharp",
  "lockfileVersion": 3,
  "requires": true,
  "packages": {
    "": {
      "name": "tdd-csharp",
      "devDependencies": {
        "@nowprototypeit/run-run-run": "github:nowprototypeit/run-run-run#f429f4d"
      }
    },
    "node_modules/@nowprototypeit/run-run-run": {
      "name": "run-run-run",
      "version": "0.0.1",
      "resolved": "git+ssh://git@github.com/nowprototypeit/run-run-run.git#f429f4dd12944246527eb13a7304e81e59cfd7e9",
      "dev": true,
      "license": "MIT",
      "dependencies": {
        "chokidar": "^4.0.3",
        "commander": "^14.0.0"
      },
      "bin": {
        "run-run-run": "bin/run.js"
      }
    },
    "node_modules/chokidar": {
      "version": "4.0.3",
      "dev": true,
      "license": "MIT",
      "dependencies": {
        "readdirp": "^4.0.1"
      },
      "engines": {
        "node": ">= 14.16.0"
      },
      "funding": {
        "url": "https://paulmillr.com/funding/"
      }
    },
    "node_modules/commander": {
      "version": "14.0.1",
      "dev": true,
      "license": "MIT",
      "engines": {
        "node": ">=20"
      }
    },
    "node_modules/readdirp": {
      "version": "4.1.2",
      "dev": true,
      "license": "MIT",
      "engines": {
        "node": ">= 14.18.0"
      },
      "funding": {
        "type": "individual",
        "url": "https://paulmillr.com/funding/"
      }
    }
  }
}
